
Microsoft Visual Studio Solution File, Format Version 12.00
# Visual Studio 15
VisualStudioVersion = 15.0.28307.705
MinimumVisualStudioVersion = 10.0.40219.1
Project("{9A19103F-16F7-4668-BE54-9A1E7A4F7556}") = "Mentorship.CleaningService.Tests", "Mentorship.CleaningService.Tests\Mentorship.CleaningService.Tests.csproj", "{2D5E172C-F89A-4FD9-AB71-311BD4AF5AD5}"
EndProject
Project("{9A19103F-16F7-4668-BE54-9A1E7A4F7556}") = "Mentorship.CleaningService.WebApi", "Mentorship.CleaningService.WebApi\Mentorship.CleaningService.WebApi.csproj", "{6D013C56-DC94-4195-A489-C6CBBCF78187}"
EndProject
Project("{9A19103F-16F7-4668-BE54-9A1E7A4F7556}") = "Mentorship.CleaningService.Models", "Mentorship.CleaningService.Models\Mentorship.CleaningService.Models.csproj", "{CE2A85EB-3D79-48E3-B27C-0BEE99E2C3E3}"
EndProject
Project("{9A19103F-16F7-4668-BE54-9A1E7A4F7556}") = "Mentorship.CleaningService.DataAccess", "Mentorship.CleaningService.DataAccess\Mentorship.CleaningService.DataAccess.csproj", "{B9BCC6F5-BCEE-43A5-B681-0E473F928C5E}"
EndProject
Project("{9A19103F-16F7-4668-BE54-9A1E7A4F7556}") = "Mentorship.CleaningService.Repository", "Mentorship.CleaningService.Repository\Mentorship.CleaningService.Repository.csproj", "{3463DC0F-5846-455E-ABA2-CEE4617731AD}"
EndProject
Project("{9A19103F-16F7-4668-BE54-9A1E7A4F7556}") = "Mentorship.CleaningService.AuthServer", "Mentorship.CleaningService.AuthServer\Mentorship.CleaningService.AuthServer.csproj", "{8DE96E23-49EE-4E39-B743-788D34D96192}"
EndProject
Project("{9A19103F-16F7-4668-BE54-9A1E7A4F7556}") = "Mentorship.CleaningService.ClientConsole", "Mentorship.CleaningService.ClientConsole\Mentorship.CleaningService.ClientConsole.csproj", "{20160798-B857-4CB4-A79E-A14250353FD7}"
EndProject
Project("{9A19103F-16F7-4668-BE54-9A1E7A4F7556}") = "Mentorship.CleaningService.WebClient", "Mentorship.CleaningService.WebClient\Mentorship.CleaningService.WebClient.csproj", "{86B7222D-81D0-4E7E-928E-88AF89F66D9F}"
EndProject
Project("{FAE04EC0-301F-11D3-BF4B-00C04F79EFBC}") = "Mentorship.CleaningService.BusinessLogic", "Mentorship.CleaningService.BusinessLogic\Mentorship.CleaningService.BusinessLogic.csproj", "{61D9E0DF-3EC5-4667-A843-3E4CE7D28397}"
EndProject
Global
	GlobalSection(SolutionConfigurationPlatforms) = preSolution
		Debug|Any CPU = Debug|Any CPU
		Release|Any CPU = Release|Any CPU
	EndGlobalSection
	GlobalSection(ProjectConfigurationPlatforms) = postSolution
		{2D5E172C-F89A-4FD9-AB71-311BD4AF5AD5}.Debug|Any CPU.ActiveCfg = Debug|Any CPU
		{2D5E172C-F89A-4FD9-AB71-311BD4AF5AD5}.Debug|Any CPU.Build.0 = Debug|Any CPU
		{2D5E172C-F89A-4FD9-AB71-311BD4AF5AD5}.Release|Any CPU.ActiveCfg = Release|Any CPU
		{2D5E172C-F89A-4FD9-AB71-311BD4AF5AD5}.Release|Any CPU.Build.0 = Release|Any CPU
		{6D013C56-DC94-4195-A489-C6CBBCF78187}.Debug|Any CPU.ActiveCfg = Debug|Any CPU
		{6D013C56-DC94-4195-A489-C6CBBCF78187}.Debug|Any CPU.Build.0 = Debug|Any CPU
		{6D013C56-DC94-4195-A489-C6CBBCF78187}.Release|Any CPU.ActiveCfg = Release|Any CPU
		{6D013C56-DC94-4195-A489-C6CBBCF78187}.Release|Any CPU.Build.0 = Release|Any CPU
		{CE2A85EB-3D79-48E3-B27C-0BEE99E2C3E3}.Debug|Any CPU.ActiveCfg = Debug|Any CPU
		{CE2A85EB-3D79-48E3-B27C-0BEE99E2C3E3}.Debug|Any CPU.Build.0 = Debug|Any CPU
		{CE2A85EB-3D79-48E3-B27C-0BEE99E2C3E3}.Release|Any CPU.ActiveCfg = Release|Any CPU
		{CE2A85EB-3D79-48E3-B27C-0BEE99E2C3E3}.Release|Any CPU.Build.0 = Release|Any CPU
		{B9BCC6F5-BCEE-43A5-B681-0E473F928C5E}.Debug|Any CPU.ActiveCfg = Debug|Any CPU
		{B9BCC6F5-BCEE-43A5-B681-0E473F928C5E}.Debug|Any CPU.Build.0 = Debug|Any CPU
		{B9BCC6F5-BCEE-43A5-B681-0E473F928C5E}.Release|Any CPU.ActiveCfg = Release|Any CPU
		{B9BCC6F5-BCEE-43A5-B681-0E473F928C5E}.Release|Any CPU.Build.0 = Release|Any CPU
		{3463DC0F-5846-455E-ABA2-CEE4617731AD}.Debug|Any CPU.ActiveCfg = Debug|Any CPU
		{3463DC0F-5846-455E-ABA2-CEE4617731AD}.Debug|Any CPU.Build.0 = Debug|Any CPU
		{3463DC0F-5846-455E-ABA2-CEE4617731AD}.Release|Any CPU.ActiveCfg = Release|Any CPU
		{3463DC0F-5846-455E-ABA2-CEE4617731AD}.Release|Any CPU.Build.0 = Release|Any CPU
		{8DE96E23-49EE-4E39-B743-788D34D96192}.Debug|Any CPU.ActiveCfg = Debug|Any CPU
		{8DE96E23-49EE-4E39-B743-788D34D96192}.Debug|Any CPU.Build.0 = Debug|Any CPU
		{8DE96E23-49EE-4E39-B743-788D34D96192}.Release|Any CPU.ActiveCfg = Release|Any CPU
		{8DE96E23-49EE-4E39-B743-788D34D96192}.Release|Any CPU.Build.0 = Release|Any CPU
		{20160798-B857-4CB4-A79E-A14250353FD7}.Debug|Any CPU.ActiveCfg = Debug|Any CPU
		{20160798-B857-4CB4-A79E-A14250353FD7}.Debug|Any CPU.Build.0 = Debug|Any CPU
		{20160798-B857-4CB4-A79E-A14250353FD7}.Release|Any CPU.ActiveCfg = Release|Any CPU
		{20160798-B857-4CB4-A79E-A14250353FD7}.Release|Any CPU.Build.0 = Release|Any CPU
		{86B7222D-81D0-4E7E-928E-88AF89F66D9F}.Debug|Any CPU.ActiveCfg = Debug|Any CPU
		{86B7222D-81D0-4E7E-928E-88AF89F66D9F}.Debug|Any CPU.Build.0 = Debug|Any CPU
		{86B7222D-81D0-4E7E-928E-88AF89F66D9F}.Release|Any CPU.ActiveCfg = Release|Any CPU
		{86B7222D-81D0-4E7E-928E-88AF89F66D9F}.Release|Any CPU.Build.0 = Release|Any CPU
		{61D9E0DF-3EC5-4667-A843-3E4CE7D28397}.Debug|Any CPU.ActiveCfg = Debug|Any CPU
		{61D9E0DF-3EC5-4667-A843-3E4CE7D28397}.Debug|Any CPU.Build.0 = Debug|Any CPU
		{61D9E0DF-3EC5-4667-A843-3E4CE7D28397}.Release|Any CPU.ActiveCfg = Release|Any CPU
		{61D9E0DF-3EC5-4667-A843-3E4CE7D28397}.Release|Any CPU.Build.0 = Release|Any CPU
	EndGlobalSection
	GlobalSection(SolutionProperties) = preSolution
		HideSolutionNode = FALSE
	EndGlobalSection
	GlobalSection(ExtensibilityGlobals) = postSolution
		SolutionGuid = {D7641D48-758A-411B-91B2-A9655131001A}
	EndGlobalSection
EndGlobal
